
Microsoft Visual Studio Solution File, Format Version 12.00
# Visual Studio Version 17
VisualStudioVersion = 17.1.32228.430
MinimumVisualStudioVersion = 10.0.40219.1
Project("{2150E333-8FDC-42A3-9474-1A3956D46DE8}") = "Clase 2", "Clase 2", "{82506BE6-F781-4447-A6A2-2D917164C090}"
EndProject
Project("{9A19103F-16F7-4668-BE54-9A1E7A4F7556}") = "Ejercicio I01", "Ejercicio I01\Ejercicio I01.csproj", "{646B84EA-C9C7-4981-920A-648B8FFBC21B}"
EndProject
Project("{2150E333-8FDC-42A3-9474-1A3956D46DE8}") = "Clase 1", "Clase 1", "{FFCACB57-BB38-4B7B-8CB3-6AD876005A1B}"
EndProject
Project("{9A19103F-16F7-4668-BE54-9A1E7A4F7556}") = "Ejercicios I01", "Ejercicios I01\Ejercicios I01.csproj", "{CA9EE751-1198-49F6-8A3B-E4F9354E6F63}"
EndProject
Project("{9A19103F-16F7-4668-BE54-9A1E7A4F7556}") = "Ejercicio I02", "Ejercicio I02\Ejercicio I02.csproj", "{74579962-5152-493C-B412-D27A1CFF9224}"
EndProject
Project("{9A19103F-16F7-4668-BE54-9A1E7A4F7556}") = "Ejercicio I04", "Ejercicio I04\Ejercicio I04.csproj", "{2CD3F483-692A-4082-8C7F-321CB0E14A61}"
EndProject
Project("{2150E333-8FDC-42A3-9474-1A3956D46DE8}") = "Clase 3", "Clase 3", "{8860D1A4-A8AF-4C12-BFC9-6581E4600117}"
EndProject
Project("{9A19103F-16F7-4668-BE54-9A1E7A4F7556}") = "3 Ejercio I01", "3 Ejercio I01\3 Ejercio I01.csproj", "{2C4EAB4B-3B0F-4ADC-8493-915DC4137479}"
EndProject
Project("{9A19103F-16F7-4668-BE54-9A1E7A4F7556}") = "Entidades Clase 3", "Entidades Clase 3\Entidades Clase 3.csproj", "{75F82ED9-06AB-49B4-BCB9-0427189F4261}"
EndProject
Project("{9A19103F-16F7-4668-BE54-9A1E7A4F7556}") = "3 ejercio I03", "3 ejercio I03\3 ejercio I03.csproj", "{BB329996-3215-4D56-A6FF-5DA948C7C681}"
EndProject
Project("{2150E333-8FDC-42A3-9474-1A3956D46DE8}") = "clase 5", "clase 5", "{47062DDA-40FD-4877-90EA-6D10001A5310}"
EndProject
Project("{9A19103F-16F7-4668-BE54-9A1E7A4F7556}") = "5 ejercio i01", "5 ejercio i01\5 ejercio i01.csproj", "{27A09B9A-C701-4DC5-A512-D05471F76120}"
EndProject
Project("{2150E333-8FDC-42A3-9474-1A3956D46DE8}") = "Clase 6", "Clase 6", "{31D7CCE5-A44F-49A4-BFF7-B87FCA2AFA47}"
EndProject
Project("{9A19103F-16F7-4668-BE54-9A1E7A4F7556}") = "6 ejercio I01", "6 ejercio I01\6 ejercio I01.csproj", "{6A7294F2-E30D-4012-B506-6D885900C1B5}"
EndProject
Project("{9A19103F-16F7-4668-BE54-9A1E7A4F7556}") = "6 ejercio I02", "6 ejercio I02\6 ejercio I02.csproj", "{57B1B76A-0213-48C2-9CFD-6BB6C89D8918}"
EndProject
Project("{2150E333-8FDC-42A3-9474-1A3956D46DE8}") = "Clase 8", "Clase 8", "{89735FDA-951A-4D46-8BE2-A2C43D16C074}"
EndProject
Project("{FAE04EC0-301F-11D3-BF4B-00C04F79EFBC}") = "Entidades clase 8", "Entidades\Entidades clase 8.csproj", "{7CD4F76C-E5A5-4E47-84D8-429876D14EE9}"
EndProject
Project("{FAE04EC0-301F-11D3-BF4B-00C04F79EFBC}") = "8 ejercio i01", "8 ejercio i01\8 ejercio i01.csproj", "{EBA17BB6-7D34-49BA-88FE-20C55E40CA1A}"
EndProject
Global
	GlobalSection(SolutionConfigurationPlatforms) = preSolution
		Debug|Any CPU = Debug|Any CPU
		Release|Any CPU = Release|Any CPU
	EndGlobalSection
	GlobalSection(ProjectConfigurationPlatforms) = postSolution
		{646B84EA-C9C7-4981-920A-648B8FFBC21B}.Debug|Any CPU.ActiveCfg = Debug|Any CPU
		{646B84EA-C9C7-4981-920A-648B8FFBC21B}.Debug|Any CPU.Build.0 = Debug|Any CPU
		{646B84EA-C9C7-4981-920A-648B8FFBC21B}.Release|Any CPU.ActiveCfg = Release|Any CPU
		{646B84EA-C9C7-4981-920A-648B8FFBC21B}.Release|Any CPU.Build.0 = Release|Any CPU
		{CA9EE751-1198-49F6-8A3B-E4F9354E6F63}.Debug|Any CPU.ActiveCfg = Debug|Any CPU
		{CA9EE751-1198-49F6-8A3B-E4F9354E6F63}.Debug|Any CPU.Build.0 = Debug|Any CPU
		{CA9EE751-1198-49F6-8A3B-E4F9354E6F63}.Release|Any CPU.ActiveCfg = Release|Any CPU
		{CA9EE751-1198-49F6-8A3B-E4F9354E6F63}.Release|Any CPU.Build.0 = Release|Any CPU
		{74579962-5152-493C-B412-D27A1CFF9224}.Debug|Any CPU.ActiveCfg = Debug|Any CPU
		{74579962-5152-493C-B412-D27A1CFF9224}.Debug|Any CPU.Build.0 = Debug|Any CPU
		{74579962-5152-493C-B412-D27A1CFF9224}.Release|Any CPU.ActiveCfg = Release|Any CPU
		{74579962-5152-493C-B412-D27A1CFF9224}.Release|Any CPU.Build.0 = Release|Any CPU
		{2CD3F483-692A-4082-8C7F-321CB0E14A61}.Debug|Any CPU.ActiveCfg = Debug|Any CPU
		{2CD3F483-692A-4082-8C7F-321CB0E14A61}.Debug|Any CPU.Build.0 = Debug|Any CPU
		{2CD3F483-692A-4082-8C7F-321CB0E14A61}.Release|Any CPU.ActiveCfg = Release|Any CPU
		{2CD3F483-692A-4082-8C7F-321CB0E14A61}.Release|Any CPU.Build.0 = Release|Any CPU
		{2C4EAB4B-3B0F-4ADC-8493-915DC4137479}.Debug|Any CPU.ActiveCfg = Debug|Any CPU
		{2C4EAB4B-3B0F-4ADC-8493-915DC4137479}.Debug|Any CPU.Build.0 = Debug|Any CPU
		{2C4EAB4B-3B0F-4ADC-8493-915DC4137479}.Release|Any CPU.ActiveCfg = Release|Any CPU
		{2C4EAB4B-3B0F-4ADC-8493-915DC4137479}.Release|Any CPU.Build.0 = Release|Any CPU
		{75F82ED9-06AB-49B4-BCB9-0427189F4261}.Debug|Any CPU.ActiveCfg = Debug|Any CPU
		{75F82ED9-06AB-49B4-BCB9-0427189F4261}.Debug|Any CPU.Build.0 = Debug|Any CPU
		{75F82ED9-06AB-49B4-BCB9-0427189F4261}.Release|Any CPU.ActiveCfg = Release|Any CPU
		{75F82ED9-06AB-49B4-BCB9-0427189F4261}.Release|Any CPU.Build.0 = Release|Any CPU
		{BB329996-3215-4D56-A6FF-5DA948C7C681}.Debug|Any CPU.ActiveCfg = Debug|Any CPU
		{BB329996-3215-4D56-A6FF-5DA948C7C681}.Debug|Any CPU.Build.0 = Debug|Any CPU
		{BB329996-3215-4D56-A6FF-5DA948C7C681}.Release|Any CPU.ActiveCfg = Release|Any CPU
		{BB329996-3215-4D56-A6FF-5DA948C7C681}.Release|Any CPU.Build.0 = Release|Any CPU
		{27A09B9A-C701-4DC5-A512-D05471F76120}.Debug|Any CPU.ActiveCfg = Debug|Any CPU
		{27A09B9A-C701-4DC5-A512-D05471F76120}.Debug|Any CPU.Build.0 = Debug|Any CPU
		{27A09B9A-C701-4DC5-A512-D05471F76120}.Release|Any CPU.ActiveCfg = Release|Any CPU
		{27A09B9A-C701-4DC5-A512-D05471F76120}.Release|Any CPU.Build.0 = Release|Any CPU
		{6A7294F2-E30D-4012-B506-6D885900C1B5}.Debug|Any CPU.ActiveCfg = Debug|Any CPU
		{6A7294F2-E30D-4012-B506-6D885900C1B5}.Debug|Any CPU.Build.0 = Debug|Any CPU
		{6A7294F2-E30D-4012-B506-6D885900C1B5}.Release|Any CPU.ActiveCfg = Release|Any CPU
		{6A7294F2-E30D-4012-B506-6D885900C1B5}.Release|Any CPU.Build.0 = Release|Any CPU
		{57B1B76A-0213-48C2-9CFD-6BB6C89D8918}.Debug|Any CPU.ActiveCfg = Debug|Any CPU
		{57B1B76A-0213-48C2-9CFD-6BB6C89D8918}.Debug|Any CPU.Build.0 = Debug|Any CPU
		{57B1B76A-0213-48C2-9CFD-6BB6C89D8918}.Release|Any CPU.ActiveCfg = Release|Any CPU
		{57B1B76A-0213-48C2-9CFD-6BB6C89D8918}.Release|Any CPU.Build.0 = Release|Any CPU
		{7CD4F76C-E5A5-4E47-84D8-429876D14EE9}.Debug|Any CPU.ActiveCfg = Debug|Any CPU
		{7CD4F76C-E5A5-4E47-84D8-429876D14EE9}.Debug|Any CPU.Build.0 = Debug|Any CPU
		{7CD4F76C-E5A5-4E47-84D8-429876D14EE9}.Release|Any CPU.ActiveCfg = Release|Any CPU
		{7CD4F76C-E5A5-4E47-84D8-429876D14EE9}.Release|Any CPU.Build.0 = Release|Any CPU
		{EBA17BB6-7D34-49BA-88FE-20C55E40CA1A}.Debug|Any CPU.ActiveCfg = Debug|Any CPU
		{EBA17BB6-7D34-49BA-88FE-20C55E40CA1A}.Debug|Any CPU.Build.0 = Debug|Any CPU
		{EBA17BB6-7D34-49BA-88FE-20C55E40CA1A}.Release|Any CPU.ActiveCfg = Release|Any CPU
		{EBA17BB6-7D34-49BA-88FE-20C55E40CA1A}.Release|Any CPU.Build.0 = Release|Any CPU
	EndGlobalSection
	GlobalSection(SolutionProperties) = preSolution
		HideSolutionNode = FALSE
	EndGlobalSection
	GlobalSection(NestedProjects) = preSolution
		{646B84EA-C9C7-4981-920A-648B8FFBC21B} = {82506BE6-F781-4447-A6A2-2D917164C090}
		{CA9EE751-1198-49F6-8A3B-E4F9354E6F63} = {FFCACB57-BB38-4B7B-8CB3-6AD876005A1B}
		{74579962-5152-493C-B412-D27A1CFF9224} = {82506BE6-F781-4447-A6A2-2D917164C090}
		{2CD3F483-692A-4082-8C7F-321CB0E14A61} = {82506BE6-F781-4447-A6A2-2D917164C090}
		{2C4EAB4B-3B0F-4ADC-8493-915DC4137479} = {8860D1A4-A8AF-4C12-BFC9-6581E4600117}
		{75F82ED9-06AB-49B4-BCB9-0427189F4261} = {8860D1A4-A8AF-4C12-BFC9-6581E4600117}
		{BB329996-3215-4D56-A6FF-5DA948C7C681} = {8860D1A4-A8AF-4C12-BFC9-6581E4600117}
		{27A09B9A-C701-4DC5-A512-D05471F76120} = {47062DDA-40FD-4877-90EA-6D10001A5310}
		{6A7294F2-E30D-4012-B506-6D885900C1B5} = {31D7CCE5-A44F-49A4-BFF7-B87FCA2AFA47}
		{57B1B76A-0213-48C2-9CFD-6BB6C89D8918} = {31D7CCE5-A44F-49A4-BFF7-B87FCA2AFA47}
		{7CD4F76C-E5A5-4E47-84D8-429876D14EE9} = {89735FDA-951A-4D46-8BE2-A2C43D16C074}
		{EBA17BB6-7D34-49BA-88FE-20C55E40CA1A} = {89735FDA-951A-4D46-8BE2-A2C43D16C074}
	EndGlobalSection
	GlobalSection(ExtensibilityGlobals) = postSolution
		SolutionGuid = {18120EA5-5786-478D-AC87-CC8C3EE7AAE4}
	EndGlobalSection
EndGlobal
